
Microsoft Visual Studio Solution File, Format Version 12.00
# Visual Studio Version 16
VisualStudioVersion = 16.0.29728.190
MinimumVisualStudioVersion = 10.0.40219.1
Project("{FAE04EC0-301F-11D3-BF4B-00C04F79EFBC}") = "AzureFuncSample.App", "AzureFuncSample.App\AzureFuncSample.App.csproj", "{79BD33A8-97BA-46BC-867B-A3A68C873A36}"
EndProject
Project("{FAE04EC0-301F-11D3-BF4B-00C04F79EFBC}") = "AzureFuncSample.Runtime", "AzureFuncSample.Runtime\AzureFuncSample.Runtime.csproj", "{D83D101D-3384-4AF0-97BA-D23D5DBC5747}"
EndProject
Global
	GlobalSection(SolutionConfigurationPlatforms) = preSolution
		Debug|Any CPU = Debug|Any CPU
		Release|Any CPU = Release|Any CPU
	EndGlobalSection
	GlobalSection(ProjectConfigurationPlatforms) = postSolution
		{79BD33A8-97BA-46BC-867B-A3A68C873A36}.Debug|Any CPU.ActiveCfg = Debug|Any CPU
		{79BD33A8-97BA-46BC-867B-A3A68C873A36}.Debug|Any CPU.Build.0 = Debug|Any CPU
		{79BD33A8-97BA-46BC-867B-A3A68C873A36}.Release|Any CPU.ActiveCfg = Release|Any CPU
		{79BD33A8-97BA-46BC-867B-A3A68C873A36}.Release|Any CPU.Build.0 = Release|Any CPU
		{D83D101D-3384-4AF0-97BA-D23D5DBC5747}.Debug|Any CPU.ActiveCfg = Debug|Any CPU
		{D83D101D-3384-4AF0-97BA-D23D5DBC5747}.Debug|Any CPU.Build.0 = Debug|Any CPU
		{D83D101D-3384-4AF0-97BA-D23D5DBC5747}.Release|Any CPU.ActiveCfg = Release|Any CPU
		{D83D101D-3384-4AF0-97BA-D23D5DBC5747}.Release|Any CPU.Build.0 = Release|Any CPU
	EndGlobalSection
	GlobalSection(SolutionProperties) = preSolution
		HideSolutionNode = FALSE
	EndGlobalSection
	GlobalSection(ExtensibilityGlobals) = postSolution
		SolutionGuid = {12A5D7CD-7009-4545-BEEA-359B8D5384F9}
	EndGlobalSection
EndGlobal
